
Microsoft Visual Studio Solution File, Format Version 12.00
# Visual Studio 15
VisualStudioVersion = 15.0.27428.2015
MinimumVisualStudioVersion = 10.0.40219.1
Project("{FAE04EC0-301F-11D3-BF4B-00C04F79EFBC}") = "pof", "pof\pof.csproj", "{0228A2E2-88C5-4F31-9137-C111C1B2F9F3}"
EndProject
Project("{FAE04EC0-301F-11D3-BF4B-00C04F79EFBC}") = "contacts", "contacts\contacts.csproj", "{FE7BD7B9-73C3-4C68-BBF7-763858B4A286}"
EndProject
Global
	GlobalSection(SolutionConfigurationPlatforms) = preSolution
		Debug|Any CPU = Debug|Any CPU
		Release|Any CPU = Release|Any CPU
	EndGlobalSection
	GlobalSection(ProjectConfigurationPlatforms) = postSolution
		{0228A2E2-88C5-4F31-9137-C111C1B2F9F3}.Debug|Any CPU.ActiveCfg = Debug|Any CPU
		{0228A2E2-88C5-4F31-9137-C111C1B2F9F3}.Debug|Any CPU.Build.0 = Debug|Any CPU
		{0228A2E2-88C5-4F31-9137-C111C1B2F9F3}.Release|Any CPU.ActiveCfg = Release|Any CPU
		{0228A2E2-88C5-4F31-9137-C111C1B2F9F3}.Release|Any CPU.Build.0 = Release|Any CPU
		{FE7BD7B9-73C3-4C68-BBF7-763858B4A286}.Debug|Any CPU.ActiveCfg = Debug|Any CPU
		{FE7BD7B9-73C3-4C68-BBF7-763858B4A286}.Debug|Any CPU.Build.0 = Debug|Any CPU
		{FE7BD7B9-73C3-4C68-BBF7-763858B4A286}.Release|Any CPU.ActiveCfg = Release|Any CPU
		{FE7BD7B9-73C3-4C68-BBF7-763858B4A286}.Release|Any CPU.Build.0 = Release|Any CPU
	EndGlobalSection
	GlobalSection(SolutionProperties) = preSolution
		HideSolutionNode = FALSE
	EndGlobalSection
	GlobalSection(ExtensibilityGlobals) = postSolution
		SolutionGuid = {765F1E42-1110-459D-B9A2-C7079964AFA8}
	EndGlobalSection
EndGlobal
