
Microsoft Visual Studio Solution File, Format Version 12.00
# Visual Studio 15
VisualStudioVersion = 15.0.27428.2015
MinimumVisualStudioVersion = 10.0.40219.1
Project("{FAE04EC0-301F-11D3-BF4B-00C04F79EFBC}") = "Euclid.Service", "Euclid.Service\Euclid.Service.csproj", "{0748A2E1-D94C-425F-B822-35634C8D4E40}"
EndProject
Project("{FAE04EC0-301F-11D3-BF4B-00C04F79EFBC}") = "Euclid.CacheManager", "Euclid.CacheManager\Euclid.CacheManager.csproj", "{0228A2E2-88C5-4F31-9137-C111C1B2F9F3}"
EndProject
Global
	GlobalSection(SolutionConfigurationPlatforms) = preSolution
		Debug|Any CPU = Debug|Any CPU
		Release|Any CPU = Release|Any CPU
	EndGlobalSection
	GlobalSection(ProjectConfigurationPlatforms) = postSolution
		{0748A2E1-D94C-425F-B822-35634C8D4E40}.Debug|Any CPU.ActiveCfg = Debug|Any CPU
		{0748A2E1-D94C-425F-B822-35634C8D4E40}.Debug|Any CPU.Build.0 = Debug|Any CPU
		{0748A2E1-D94C-425F-B822-35634C8D4E40}.Release|Any CPU.ActiveCfg = Release|Any CPU
		{0748A2E1-D94C-425F-B822-35634C8D4E40}.Release|Any CPU.Build.0 = Release|Any CPU
		{0228A2E2-88C5-4F31-9137-C111C1B2F9F3}.Debug|Any CPU.ActiveCfg = Debug|Any CPU
		{0228A2E2-88C5-4F31-9137-C111C1B2F9F3}.Debug|Any CPU.Build.0 = Debug|Any CPU
		{0228A2E2-88C5-4F31-9137-C111C1B2F9F3}.Release|Any CPU.ActiveCfg = Release|Any CPU
		{0228A2E2-88C5-4F31-9137-C111C1B2F9F3}.Release|Any CPU.Build.0 = Release|Any CPU
	EndGlobalSection
	GlobalSection(SolutionProperties) = preSolution
		HideSolutionNode = FALSE
	EndGlobalSection
	GlobalSection(ExtensibilityGlobals) = postSolution
		SolutionGuid = {263C7468-B75A-4FB7-8E84-5AA0FFEC0993}
	EndGlobalSection
EndGlobal
